
Microsoft Visual Studio Solution File, Format Version 12.00
# Visual Studio Version 17
VisualStudioVersion = 17.4.33122.133
MinimumVisualStudioVersion = 10.0.40219.1
Project("{FAE04EC0-301F-11D3-BF4B-00C04F79EFBC}") = "CemreTraining", "CemreTraining\CemreTraining.csproj", "{30417378-27DA-41C3-8237-046707A455F7}"
EndProject
Global
	GlobalSection(SolutionConfigurationPlatforms) = preSolution
		Debug|Any CPU = Debug|Any CPU
		Release|Any CPU = Release|Any CPU
	EndGlobalSection
	GlobalSection(ProjectConfigurationPlatforms) = postSolution
		{30417378-27DA-41C3-8237-046707A455F7}.Debug|Any CPU.ActiveCfg = Debug|Any CPU
		{30417378-27DA-41C3-8237-046707A455F7}.Debug|Any CPU.Build.0 = Debug|Any CPU
		{30417378-27DA-41C3-8237-046707A455F7}.Release|Any CPU.ActiveCfg = Release|Any CPU
		{30417378-27DA-41C3-8237-046707A455F7}.Release|Any CPU.Build.0 = Release|Any CPU
	EndGlobalSection
	GlobalSection(SolutionProperties) = preSolution
		HideSolutionNode = FALSE
	EndGlobalSection
	GlobalSection(ExtensibilityGlobals) = postSolution
		SolutionGuid = {52CF3CC2-E944-4472-99D4-782DF956B062}
	EndGlobalSection
EndGlobal
